
Microsoft Visual Studio Solution File, Format Version 12.00
# Visual Studio Version 17
VisualStudioVersion = 17.2.32602.215
MinimumVisualStudioVersion = 10.0.40219.1
Project("{FAE04EC0-301F-11D3-BF4B-00C04F79EFBC}") = "siana", "siana\siana.csproj", "{1E3F5061-F553-426A-9E4C-029DDA212E41}"
EndProject
Project("{9A19103F-16F7-4668-BE54-9A1E7A4F7556}") = "CUE4Parse", "cue4parse\CUE4Parse\CUE4Parse.csproj", "{BF206D93-474E-4981-855C-493CC62F628A}"
EndProject
Global
	GlobalSection(SolutionConfigurationPlatforms) = preSolution
		Debug|Any CPU = Debug|Any CPU
		Release|Any CPU = Release|Any CPU
	EndGlobalSection
	GlobalSection(ProjectConfigurationPlatforms) = postSolution
		{1E3F5061-F553-426A-9E4C-029DDA212E41}.Debug|Any CPU.ActiveCfg = Debug|Any CPU
		{1E3F5061-F553-426A-9E4C-029DDA212E41}.Debug|Any CPU.Build.0 = Debug|Any CPU
		{1E3F5061-F553-426A-9E4C-029DDA212E41}.Release|Any CPU.ActiveCfg = Release|Any CPU
		{1E3F5061-F553-426A-9E4C-029DDA212E41}.Release|Any CPU.Build.0 = Release|Any CPU
		{BF206D93-474E-4981-855C-493CC62F628A}.Debug|Any CPU.ActiveCfg = Debug|Any CPU
		{BF206D93-474E-4981-855C-493CC62F628A}.Debug|Any CPU.Build.0 = Debug|Any CPU
		{BF206D93-474E-4981-855C-493CC62F628A}.Release|Any CPU.ActiveCfg = Release|Any CPU
		{BF206D93-474E-4981-855C-493CC62F628A}.Release|Any CPU.Build.0 = Release|Any CPU
	EndGlobalSection
	GlobalSection(SolutionProperties) = preSolution
		HideSolutionNode = FALSE
	EndGlobalSection
	GlobalSection(ExtensibilityGlobals) = postSolution
		SolutionGuid = {C0576A5A-3795-4BFA-9AEA-AFACC9B48594}
	EndGlobalSection
EndGlobal
